{
    "name": "pynode-recognize",
    "version": "1.0.0",
    "description": "Named Entity Recognition using Google Places and Details API",
    "main": "index.js",
    "scripts": {
        "test": "echo \"Error: no test specified\" && exit 1"
    },
    "repository": {
        "type": "git",
        "url": "git+https://github.com/kao6/pynode-recognize.git"
    },
    "author": "kao6",
    "license": "ISC",
    "bugs": {
        "url": "https://github.com/kao6/pynode-recognize/issues"
    },
    "homepage": "https://github.com/kao6/pynode-recognize#readme",
    "dependencies": {
        "express": "^4.16.4",
        "node-fetch": "^2.3.0"
    }
}